// !$*UTF8*$!
{
	archiveVersion = 1;
	classes = {
	};
	objectVersion = 50;
	objects = {

/* Begin PBXBuildFile section */
		E301F9C6220B1C5B00CF16AE /* palette.png in Resources */ = {isa = PBXBuildFile; fileRef = E301F9B7220B1C5B00CF16AE /* palette.png */; };
		E301F9C7220B1C5B00CF16AE /* play.html in Resources */ = {isa = PBXBuildFile; fileRef = E301F9B8220B1C5B00CF16AE /* play.html */; };
		E301F9C8220B1C5B00CF16AE /* complete.png in Resources */ = {isa = PBXBuildFile; fileRef = E301F9B9220B1C5B00CF16AE /* complete.png */; };
		E301F9C9220B1C5B00CF16AE /* index.html in Resources */ = {isa = PBXBuildFile; fileRef = E301F9BA220B1C5B00CF16AE /* index.html */; };
		E301F9CA220B1C5B00CF16AE /* editor.css in Resources */ = {isa = PBXBuildFile; fileRef = E301F9BB220B1C5B00CF16AE /* editor.css */; };
		E301F9CB220B1C5B00CF16AE /* clear.png in Resources */ = {isa = PBXBuildFile; fileRef = E301F9BC220B1C5B00CF16AE /* clear.png */; };
		E301F9CC220B1C5B00CF16AE /* localdb.js in Resources */ = {isa = PBXBuildFile; fileRef = E301F9BD220B1C5B00CF16AE /* localdb.js */; };
		E301F9CD220B1C5B00CF16AE /* three.js in Resources */ = {isa = PBXBuildFile; fileRef = E301F9BE220B1C5B00CF16AE /* three.js */; };
		E301F9CE220B1C5B00CF16AE /* checkmark.png in Resources */ = {isa = PBXBuildFile; fileRef = E301F9BF220B1C5B00CF16AE /* checkmark.png */; };
		E301F9CF220B1C5B00CF16AE /* editor.js in Resources */ = {isa = PBXBuildFile; fileRef = E301F9C0220B1C5B00CF16AE /* editor.js */; };
		E301F9D0220B1C5B00CF16AE /* three.orbitcontrols.js in Resources */ = {isa = PBXBuildFile; fileRef = E301F9C1220B1C5B00CF16AE /* three.orbitcontrols.js */; };
		E301F9D1220B1C5B00CF16AE /* Contents.json in Resources */ = {isa = PBXBuildFile; fileRef = E301F9C2220B1C5B00CF16AE /* Contents.json */; };
		E301F9D2220B1C5B00CF16AE /* utils.js in Resources */ = {isa = PBXBuildFile; fileRef = E301F9C3220B1C5B00CF16AE /* utils.js */; };
		E301F9D3220B1C5B00CF16AE /* arrange.js in Resources */ = {isa = PBXBuildFile; fileRef = E301F9C4220B1C5B00CF16AE /* arrange.js */; };
		E301F9D4220B1C5B00CF16AE /* back.png in Resources */ = {isa = PBXBuildFile; fileRef = E301F9C5220B1C5B00CF16AE /* back.png */; };
		E34381C4220AC3D800494E26 /* AppDelegate.swift in Sources */ = {isa = PBXBuildFile; fileRef = E34381C3220AC3D800494E26 /* AppDelegate.swift */; };
		E34381C6220AC3D800494E26 /* ViewController.swift in Sources */ = {isa = PBXBuildFile; fileRef = E34381C5220AC3D800494E26 /* ViewController.swift */; };
		E34381C9220AC3D800494E26 /* Main.storyboard in Resources */ = {isa = PBXBuildFile; fileRef = E34381C7220AC3D800494E26 /* Main.storyboard */; };
		E34381CB220AC3DB00494E26 /* Assets.xcassets in Resources */ = {isa = PBXBuildFile; fileRef = E34381CA220AC3DB00494E26 /* Assets.xcassets */; };
		E34381CE220AC3DB00494E26 /* LaunchScreen.storyboard in Resources */ = {isa = PBXBuildFile; fileRef = E34381CC220AC3DB00494E26 /* LaunchScreen.storyboard */; };
/* End PBXBuildFile section */

/* Begin PBXFileReference section */
		E301F9B7220B1C5B00CF16AE /* palette.png */ = {isa = PBXFileReference; lastKnownFileType = image.png; path = palette.png; sourceTree = "<group>"; };
		E301F9B8220B1C5B00CF16AE /* play.html */ = {isa = PBXFileReference; fileEncoding = 4; lastKnownFileType = text.html; path = play.html; sourceTree = "<group>"; };
		E301F9B9220B1C5B00CF16AE /* complete.png */ = {isa = PBXFileReference; lastKnownFileType = image.png; path = complete.png; sourceTree = "<group>"; };
		E301F9BA220B1C5B00CF16AE /* index.html */ = {isa = PBXFileReference; fileEncoding = 4; lastKnownFileType = text.html; path = index.html; sourceTree = "<group>"; };
		E301F9BB220B1C5B00CF16AE /* editor.css */ = {isa = PBXFileReference; fileEncoding = 4; lastKnownFileType = text.css; path = editor.css; sourceTree = "<group>"; };
		E301F9BC220B1C5B00CF16AE /* clear.png */ = {isa = PBXFileReference; lastKnownFileType = image.png; path = clear.png; sourceTree = "<group>"; };
		E301F9BD220B1C5B00CF16AE /* localdb.js */ = {isa = PBXFileReference; fileEncoding = 4; lastKnownFileType = sourcecode.javascript; path = localdb.js; sourceTree = "<group>"; };
		E301F9BE220B1C5B00CF16AE /* three.js */ = {isa = PBXFileReference; fileEncoding = 4; lastKnownFileType = sourcecode.javascript; path = three.js; sourceTree = "<group>"; };
		E301F9BF220B1C5B00CF16AE /* checkmark.png */ = {isa = PBXFileReference; lastKnownFileType = image.png; path = checkmark.png; sourceTree = "<group>"; };
		E301F9C0220B1C5B00CF16AE /* editor.js */ = {isa = PBXFileReference; fileEncoding = 4; lastKnownFileType = sourcecode.javascript; path = editor.js; sourceTree = "<group>"; };
		E301F9C1220B1C5B00CF16AE /* three.orbitcontrols.js */ = {isa = PBXFileReference; fileEncoding = 4; lastKnownFileType = sourcecode.javascript; path = three.orbitcontrols.js; sourceTree = "<group>"; };
		E301F9C2220B1C5B00CF16AE /* Contents.json */ = {isa = PBXFileReference; fileEncoding = 4; lastKnownFileType = text.json; path = Contents.json; sourceTree = "<group>"; };
		E301F9C3220B1C5B00CF16AE /* utils.js */ = {isa = PBXFileReference; fileEncoding = 4; lastKnownFileType = sourcecode.javascript; path = utils.js; sourceTree = "<group>"; };
		E301F9C4220B1C5B00CF16AE /* arrange.js */ = {isa = PBXFileReference; fileEncoding = 4; lastKnownFileType = sourcecode.javascript; path = arrange.js; sourceTree = "<group>"; };
		E301F9C5220B1C5B00CF16AE /* back.png */ = {isa = PBXFileReference; lastKnownFileType = image.png; path = back.png; sourceTree = "<group>"; };
		E34381C0220AC3D800494E26 /* Voxelhoxel.app */ = {isa = PBXFileReference; explicitFileType = wrapper.application; includeInIndex = 0; path = Voxelhoxel.app; sourceTree = BUILT_PRODUCTS_DIR; };
		E34381C3220AC3D800494E26 /* AppDelegate.swift */ = {isa = PBXFileReference; lastKnownFileType = sourcecode.swift; path = AppDelegate.swift; sourceTree = "<group>"; };
		E34381C5220AC3D800494E26 /* ViewController.swift */ = {isa = PBXFileReference; lastKnownFileType = sourcecode.swift; path = ViewController.swift; sourceTree = "<group>"; };
		E34381C8220AC3D800494E26 /* Base */ = {isa = PBXFileReference; lastKnownFileType = file.storyboard; name = Base; path = Base.lproj/Main.storyboard; sourceTree = "<group>"; };
		E34381CA220AC3DB00494E26 /* Assets.xcassets */ = {isa = PBXFileReference; lastKnownFileType = folder.assetcatalog; path = Assets.xcassets; sourceTree = "<group>"; };
		E34381CD220AC3DB00494E26 /* Base */ = {isa = PBXFileReference; lastKnownFileType = file.storyboard; name = Base; path = Base.lproj/LaunchScreen.storyboard; sourceTree = "<group>"; };
		E34381CF220AC3DB00494E26 /* Info.plist */ = {isa = PBXFileReference; lastKnownFileType = text.plist.xml; path = Info.plist; sourceTree = "<group>"; };
/* End PBXFileReference section */

/* Begin PBXFrameworksBuildPhase section */
		E34381BD220AC3D800494E26 /* Frameworks */ = {
			isa = PBXFrameworksBuildPhase;
			buildActionMask = 2147483647;
			files = (
			);
			runOnlyForDeploymentPostprocessing = 0;
		};
/* End PBXFrameworksBuildPhase section */

/* Begin PBXGroup section */
		E301F9B6220B1C5B00CF16AE /* web */ = {
			isa = PBXGroup;
			children = (
				E301F9B7220B1C5B00CF16AE /* palette.png */,
				E301F9B8220B1C5B00CF16AE /* play.html */,
				E301F9B9220B1C5B00CF16AE /* complete.png */,
				E301F9BA220B1C5B00CF16AE /* index.html */,
				E301F9BB220B1C5B00CF16AE /* editor.css */,
				E301F9BC220B1C5B00CF16AE /* clear.png */,
				E301F9BD220B1C5B00CF16AE /* localdb.js */,
				E301F9BE220B1C5B00CF16AE /* three.js */,
				E301F9BF220B1C5B00CF16AE /* checkmark.png */,
				E301F9C0220B1C5B00CF16AE /* editor.js */,
				E301F9C1220B1C5B00CF16AE /* three.orbitcontrols.js */,
				E301F9C2220B1C5B00CF16AE /* Contents.json */,
				E301F9C3220B1C5B00CF16AE /* utils.js */,
				E301F9C4220B1C5B00CF16AE /* arrange.js */,
				E301F9C5220B1C5B00CF16AE /* back.png */,
			);
			path = web;
			sourceTree = "<group>";
		};
		E34381B7220AC3D800494E26 = {
			isa = PBXGroup;
			children = (
				E34381C2220AC3D800494E26 /* Voxelhoxel */,
				E34381C1220AC3D800494E26 /* Products */,
			);
			sourceTree = "<group>";
		};
		E34381C1220AC3D800494E26 /* Products */ = {
			isa = PBXGroup;
			children = (
				E34381C0220AC3D800494E26 /* Voxelhoxel.app */,
			);
			name = Products;
			sourceTree = "<group>";
		};
		E34381C2220AC3D800494E26 /* Voxelhoxel */ = {
			isa = PBXGroup;
			children = (
				E301F9B6220B1C5B00CF16AE /* web */,
				E34381C3220AC3D800494E26 /* AppDelegate.swift */,
				E34381C5220AC3D800494E26 /* ViewController.swift */,
				E34381C7220AC3D800494E26 /* Main.storyboard */,
				E34381CA220AC3DB00494E26 /* Assets.xcassets */,
				E34381CC220AC3DB00494E26 /* LaunchScreen.storyboard */,
				E34381CF220AC3DB00494E26 /* Info.plist */,
			);
			path = Voxelhoxel;
			sourceTree = "<group>";
		};
/* End PBXGroup section */

/* Begin PBXNativeTarget section */
		E34381BF220AC3D800494E26 /* Voxelhoxel */ = {
			isa = PBXNativeTarget;
			buildConfigurationList = E34381D2220AC3DB00494E26 /* Build configuration list for PBXNativeTarget "Voxelhoxel" */;
			buildPhases = (
				E34381BC220AC3D800494E26 /* Sources */,
				E34381BD220AC3D800494E26 /* Frameworks */,
				E34381BE220AC3D800494E26 /* Resources */,
			);
			buildRules = (
			);
			dependencies = (
			);
			name = Voxelhoxel;
			productName = Voxelhoxel;
			productReference = E34381C0220AC3D800494E26 /* Voxelhoxel.app */;
			productType = "com.apple.product-type.application";
		};
/* End PBXNativeTarget section */

/* Begin PBXProject section */
		E34381B8220AC3D800494E26 /* Project object */ = {
			isa = PBXProject;
			attributes = {
				LastSwiftUpdateCheck = 1010;
				LastUpgradeCheck = 1010;
				ORGANIZATIONNAME = "Ronny Hildebrandt";
				TargetAttributes = {
					E34381BF220AC3D800494E26 = {
						CreatedOnToolsVersion = 10.1;
					};
				};
			};
			buildConfigurationList = E34381BB220AC3D800494E26 /* Build configuration list for PBXProject "Voxelhoxel" */;
			compatibilityVersion = "Xcode 9.3";
			developmentRegion = en;
			hasScannedForEncodings = 0;
			knownRegions = (
				en,
				Base,
			);
			mainGroup = E34381B7220AC3D800494E26;
			productRefGroup = E34381C1220AC3D800494E26 /* Products */;
			projectDirPath = "";
			projectRoot = "";
			targets = (
				E34381BF220AC3D800494E26 /* Voxelhoxel */,
			);
		};
/* End PBXProject section */

/* Begin PBXResourcesBuildPhase section */
		E34381BE220AC3D800494E26 /* Resources */ = {
			isa = PBXResourcesBuildPhase;
			buildActionMask = 2147483647;
			files = (
				E301F9CB220B1C5B00CF16AE /* clear.png in Resources */,
				E301F9CA220B1C5B00CF16AE /* editor.css in Resources */,
				E301F9D4220B1C5B00CF16AE /* back.png in Resources */,
				E301F9C9220B1C5B00CF16AE /* index.html in Resources */,
				E34381CE220AC3DB00494E26 /* LaunchScreen.storyboard in Resources */,
				E34381CB220AC3DB00494E26 /* Assets.xcassets in Resources */,
				E301F9D2220B1C5B00CF16AE /* utils.js in Resources */,
				E301F9CF220B1C5B00CF16AE /* editor.js in Resources */,
				E301F9D1220B1C5B00CF16AE /* Contents.json in Resources */,
				E301F9C7220B1C5B00CF16AE /* play.html in Resources */,
				E301F9D3220B1C5B00CF16AE /* arrange.js in Resources */,
				E301F9CE220B1C5B00CF16AE /* checkmark.png in Resources */,
				E301F9C6220B1C5B00CF16AE /* palette.png in Resources */,
				E301F9D0220B1C5B00CF16AE /* three.orbitcontrols.js in Resources */,
				E301F9C8220B1C5B00CF16AE /* complete.png in Resources */,
				E301F9CC220B1C5B00CF16AE /* localdb.js in Resources */,
				E34381C9220AC3D800494E26 /* Main.storyboard in Resources */,
				E301F9CD220B1C5B00CF16AE /* three.js in Resources */,
			);
			runOnlyForDeploymentPostprocessing = 0;
		};
/* End PBXResourcesBuildPhase section */

/* Begin PBXSourcesBuildPhase section */
		E34381BC220AC3D800494E26 /* Sources */ = {
			isa = PBXSourcesBuildPhase;
			buildActionMask = 2147483647;
			files = (
				E34381C6220AC3D800494E26 /* ViewController.swift in Sources */,
				E34381C4220AC3D800494E26 /* AppDelegate.swift in Sources */,
			);
			runOnlyForDeploymentPostprocessing = 0;
		};
/* End PBXSourcesBuildPhase section */

/* Begin PBXVariantGroup section */
		E34381C7220AC3D800494E26 /* Main.storyboard */ = {
			isa = PBXVariantGroup;
			children = (
				E34381C8220AC3D800494E26 /* Base */,
			);
			name = Main.storyboard;
			sourceTree = "<group>";
		};
		E34381CC220AC3DB00494E26 /* LaunchScreen.storyboard */ = {
			isa = PBXVariantGroup;
			children = (
				E34381CD220AC3DB00494E26 /* Base */,
			);
			name = LaunchScreen.storyboard;
			sourceTree = "<group>";
		};
/* End PBXVariantGroup section */

/* Begin XCBuildConfiguration section */
		E34381D0220AC3DB00494E26 /* Debug */ = {
			isa = XCBuildConfiguration;
			buildSettings = {
				ALWAYS_SEARCH_USER_PATHS = NO;
				CLANG_ANALYZER_NONNULL = YES;
				CLANG_ANALYZER_NUMBER_OBJECT_CONVERSION = YES_AGGRESSIVE;
				CLANG_CXX_LANGUAGE_STANDARD = "gnu++14";
				CLANG_CXX_LIBRARY = "libc++";
				CLANG_ENABLE_MODULES = YES;
				CLANG_ENABLE_OBJC_ARC = YES;
				CLANG_ENABLE_OBJC_WEAK = YES;
				CLANG_WARN_BLOCK_CAPTURE_AUTORELEASING = YES;
				CLANG_WARN_BOOL_CONVERSION = YES;
				CLANG_WARN_COMMA = YES;
				CLANG_WARN_CONSTANT_CONVERSION = YES;
				CLANG_WARN_DEPRECATED_OBJC_IMPLEMENTATIONS = YES;
				CLANG_WARN_DIRECT_OBJC_ISA_USAGE = YES_ERROR;
				CLANG_WARN_DOCUMENTATION_COMMENTS = YES;
				CLANG_WARN_EMPTY_BODY = YES;
				CLANG_WARN_ENUM_CONVERSION = YES;
				CLANG_WARN_INFINITE_RECURSION = YES;
				CLANG_WARN_INT_CONVERSION = YES;
				CLANG_WARN_NON_LITERAL_NULL_CONVERSION = YES;
				CLANG_WARN_OBJC_IMPLICIT_RETAIN_SELF = YES;
				CLANG_WARN_OBJC_LITERAL_CONVERSION = YES;
				CLANG_WARN_OBJC_ROOT_CLASS = YES_ERROR;
				CLANG_WARN_RANGE_LOOP_ANALYSIS = YES;
				CLANG_WARN_STRICT_PROTOTYPES = YES;
				CLANG_WARN_SUSPICIOUS_MOVE = YES;
				CLANG_WARN_UNGUARDED_AVAILABILITY = YES_AGGRESSIVE;
				CLANG_WARN_UNREACHABLE_CODE = YES;
				CLANG_WARN__DUPLICATE_METHOD_MATCH = YES;
				CODE_SIGN_IDENTITY = "iPhone Developer";
				COPY_PHASE_STRIP = NO;
				DEBUG_INFORMATION_FORMAT = dwarf;
				ENABLE_STRICT_OBJC_MSGSEND = YES;
				ENABLE_TESTABILITY = YES;
				GCC_C_LANGUAGE_STANDARD = gnu11;
				GCC_DYNAMIC_NO_PIC = NO;
				GCC_NO_COMMON_BLOCKS = YES;
				GCC_OPTIMIZATION_LEVEL = 0;
				GCC_PREPROCESSOR_DEFINITIONS = (
					"DEBUG=1",
					"$(inherited)",
				);
				GCC_WARN_64_TO_32_BIT_CONVERSION = YES;
				GCC_WARN_ABOUT_RETURN_TYPE = YES_ERROR;
				GCC_WARN_UNDECLARED_SELECTOR = YES;
				GCC_WARN_UNINITIALIZED_AUTOS = YES_AGGRESSIVE;
				GCC_WARN_UNUSED_FUNCTION = YES;
				GCC_WARN_UNUSED_VARIABLE = YES;
				IPHONEOS_DEPLOYMENT_TARGET = 12.1;
				MTL_ENABLE_DEBUG_INFO = INCLUDE_SOURCE;
				MTL_FAST_MATH = YES;
				ONLY_ACTIVE_ARCH = YES;
				SDKROOT = iphoneos;
				SWIFT_ACTIVE_COMPILATION_CONDITIONS = DEBUG;
				SWIFT_OPTIMIZATION_LEVEL = "-Onone";
			};
			name = Debug;
		};
		E34381D1220AC3DB00494E26 /* Release */ = {
			isa = XCBuildConfiguration;
			buildSettings = {
				ALWAYS_SEARCH_USER_PATHS = NO;
				CLANG_ANALYZER_NONNULL = YES;
				CLANG_ANALYZER_NUMBER_OBJECT_CONVERSION = YES_AGGRESSIVE;
				CLANG_CXX_LANGUAGE_STANDARD = "gnu++14";
				CLANG_CXX_LIBRARY = "libc++";
				CLANG_ENABLE_MODULES = YES;
				CLANG_ENABLE_OBJC_ARC = YES;
				CLANG_ENABLE_OBJC_WEAK = YES;
				CLANG_WARN_BLOCK_CAPTURE_AUTORELEASING = YES;
				CLANG_WARN_BOOL_CONVERSION = YES;
				CLANG_WARN_COMMA = YES;
				CLANG_WARN_CONSTANT_CONVERSION = YES;
				CLANG_WARN_DEPRECATED_OBJC_IMPLEMENTATIONS = YES;
				CLANG_WARN_DIRECT_OBJC_ISA_USAGE = YES_ERROR;
				CLANG_WARN_DOCUMENTATION_COMMENTS = YES;
				CLANG_WARN_EMPTY_BODY = YES;
				CLANG_WARN_ENUM_CONVERSION = YES;
				CLANG_WARN_INFINITE_RECURSION = YES;
				CLANG_WARN_INT_CONVERSION = YES;
				CLANG_WARN_NON_LITERAL_NULL_CONVERSION = YES;
				CLANG_WARN_OBJC_IMPLICIT_RETAIN_SELF = YES;
				CLANG_WARN_OBJC_LITERAL_CONVERSION = YES;
				CLANG_WARN_OBJC_ROOT_CLASS = YES_ERROR;
				CLANG_WARN_RANGE_LOOP_ANALYSIS = YES;
				CLANG_WARN_STRICT_PROTOTYPES = YES;
				CLANG_WARN_SUSPICIOUS_MOVE = YES;
				CLANG_WARN_UNGUARDED_AVAILABILITY = YES_AGGRESSIVE;
				CLANG_WARN_UNREACHABLE_CODE = YES;
				CLANG_WARN__DUPLICATE_METHOD_MATCH = YES;
				CODE_SIGN_IDENTITY = "iPhone Developer";
				COPY_PHASE_STRIP = NO;
				DEBUG_INFORMATION_FORMAT = "dwarf-with-dsym";
				ENABLE_NS_ASSERTIONS = NO;
				ENABLE_STRICT_OBJC_MSGSEND = YES;
				GCC_C_LANGUAGE_STANDARD = gnu11;
				GCC_NO_COMMON_BLOCKS = YES;
				GCC_WARN_64_TO_32_BIT_CONVERSION = YES;
				GCC_WARN_ABOUT_RETURN_TYPE = YES_ERROR;
				GCC_WARN_UNDECLARED_SELECTOR = YES;
				GCC_WARN_UNINITIALIZED_AUTOS = YES_AGGRESSIVE;
				GCC_WARN_UNUSED_FUNCTION = YES;
				GCC_WARN_UNUSED_VARIABLE = YES;
				IPHONEOS_DEPLOYMENT_TARGET = 12.1;
				MTL_ENABLE_DEBUG_INFO = NO;
				MTL_FAST_MATH = YES;
				SDKROOT = iphoneos;
				SWIFT_COMPILATION_MODE = wholemodule;
				SWIFT_OPTIMIZATION_LEVEL = "-O";
				VALIDATE_PRODUCT = YES;
			};
			name = Release;
		};
		E34381D3220AC3DB00494E26 /* Debug */ = {
			isa = XCBuildConfiguration;
			buildSettings = {
				ASSETCATALOG_COMPILER_APPICON_NAME = AppIcon;
				ASSETCATALOG_COMPILER_LAUNCHIMAGE_NAME = LaunchImage;
				CODE_SIGN_STYLE = Automatic;
				DEVELOPMENT_TEAM = E644CDJ84J;
				INFOPLIST_FILE = Voxelhoxel/Info.plist;
				LD_RUNPATH_SEARCH_PATHS = (
					"$(inherited)",
					"@executable_path/Frameworks",
				);
				PRODUCT_BUNDLE_IDENTIFIER = com.hilderonny.Voxelhoxel;
				PRODUCT_NAME = "$(TARGET_NAME)";
				SWIFT_VERSION = 4.2;
				TARGETED_DEVICE_FAMILY = "1,2";
			};
			name = Debug;
		};
		E34381D4220AC3DB00494E26 /* Release */ = {
			isa = XCBuildConfiguration;
			buildSettings = {
				ASSETCATALOG_COMPILER_APPICON_NAME = AppIcon;
				ASSETCATALOG_COMPILER_LAUNCHIMAGE_NAME = LaunchImage;
				CODE_SIGN_STYLE = Automatic;
				DEVELOPMENT_TEAM = E644CDJ84J;
				INFOPLIST_FILE = Voxelhoxel/Info.plist;
				LD_RUNPATH_SEARCH_PATHS = (
					"$(inherited)",
					"@executable_path/Frameworks",
				);
				PRODUCT_BUNDLE_IDENTIFIER = com.hilderonny.Voxelhoxel;
				PRODUCT_NAME = "$(TARGET_NAME)";
				SWIFT_VERSION = 4.2;
				TARGETED_DEVICE_FAMILY = "1,2";
			};
			name = Release;
		};
/* End XCBuildConfiguration section */

/* Begin XCConfigurationList section */
		E34381BB220AC3D800494E26 /* Build configuration list for PBXProject "Voxelhoxel" */ = {
			isa = XCConfigurationList;
			buildConfigurations = (
				E34381D0220AC3DB00494E26 /* Debug */,
				E34381D1220AC3DB00494E26 /* Release */,
			);
			defaultConfigurationIsVisible = 0;
			defaultConfigurationName = Release;
		};
		E34381D2220AC3DB00494E26 /* Build configuration list for PBXNativeTarget "Voxelhoxel" */ = {
			isa = XCConfigurationList;
			buildConfigurations = (
				E34381D3220AC3DB00494E26 /* Debug */,
				E34381D4220AC3DB00494E26 /* Release */,
			);
			defaultConfigurationIsVisible = 0;
			defaultConfigurationName = Release;
		};
/* End XCConfigurationList section */
	};
	rootObject = E34381B8220AC3D800494E26 /* Project object */;
}
